{
  "nodes": {
    "nixpkgs": {
      "locked": {
        "lastModified": 1628696776,
        "narHash": "sha256-K8+/IQNZDZltIu/KSf+Tz01OwNzTGgTch0ktMOWcxLg=",
        "owner": "NixOS",
        "repo": "nixpkgs",
        "rev": "927ce1afc1db40869a463a37ea2738c27d425f80",
        "type": "github"
      },
      "original": {
        "owner": "NixOS",
        "ref": "nixos-21.05",
        "repo": "nixpkgs",
        "type": "github"
      }
    },
    "root": {
      "inputs": {
        "nixpkgs": "nixpkgs",
        "src": "src"
      }
    },
    "src": {
      "flake": false,
      "locked": {
        "narHash": "sha256-BZ+kzJEzHC2n7vjcz4y4LcT3doHhoHHE3BEsnAq0W2k=",
        "path": "/home/apok/code/summer-of-nix/flakes-templates/elixir/flaketest",
        "type": "path"
      },
      "original": {
        "path": "/home/apok/code/summer-of-nix/flakes-templates/elixir/flaketest",
        "type": "path"
      }
    }
  },
  "root": "root",
  "version": 7
}
